
Microsoft Visual Studio Solution File, Format Version 12.00
# Visual Studio 15
VisualStudioVersion = 15.0.27703.2018
MinimumVisualStudioVersion = 10.0.40219.1
Project("{8BC9CEB8-8B4A-11D0-8D11-00A0C91BC942}") = "LUA52", "LUA52\LUA52.vcxproj", "{2605A16E-147E-4836-ABB1-8FF76135B04A}"
EndProject
Project("{8BC9CEB8-8B4A-11D0-8D11-00A0C91BC942}") = "01_VariablesPropertiesAndFunctions", "01_VariablesPropertiesAndFunctions\01_VariablesPropertiesAndFunctions.vcxproj", "{E32411CA-0B53-4548-9A43-8E78376D0F1C}"
	ProjectSection(ProjectDependencies) = postProject
		{2605A16E-147E-4836-ABB1-8FF76135B04A} = {2605A16E-147E-4836-ABB1-8FF76135B04A}
	EndProjectSection
EndProject
Project("{8BC9CEB8-8B4A-11D0-8D11-00A0C91BC942}") = "02_Classes", "02_Classes\02_Classes.vcxproj", "{A69F85B7-A963-4147-A39F-74017D83B071}"
	ProjectSection(ProjectDependencies) = postProject
		{2605A16E-147E-4836-ABB1-8FF76135B04A} = {2605A16E-147E-4836-ABB1-8FF76135B04A}
	EndProjectSection
EndProject
Project("{8BC9CEB8-8B4A-11D0-8D11-00A0C91BC942}") = "03_LuaRef", "03_LuaRef\03_LuaRef.vcxproj", "{30F2B65D-5B57-4739-9DDE-8CC44507974C}"
	ProjectSection(ProjectDependencies) = postProject
		{2605A16E-147E-4836-ABB1-8FF76135B04A} = {2605A16E-147E-4836-ABB1-8FF76135B04A}
	EndProjectSection
EndProject
Global
	GlobalSection(SolutionConfigurationPlatforms) = preSolution
		Debug|x64 = Debug|x64
		Debug|x86 = Debug|x86
		Release|x64 = Release|x64
		Release|x86 = Release|x86
	EndGlobalSection
	GlobalSection(ProjectConfigurationPlatforms) = postSolution
		{2605A16E-147E-4836-ABB1-8FF76135B04A}.Debug|x64.ActiveCfg = Debug|x64
		{2605A16E-147E-4836-ABB1-8FF76135B04A}.Debug|x64.Build.0 = Debug|x64
		{2605A16E-147E-4836-ABB1-8FF76135B04A}.Debug|x86.ActiveCfg = Debug|Win32
		{2605A16E-147E-4836-ABB1-8FF76135B04A}.Debug|x86.Build.0 = Debug|Win32
		{2605A16E-147E-4836-ABB1-8FF76135B04A}.Release|x64.ActiveCfg = Release|x64
		{2605A16E-147E-4836-ABB1-8FF76135B04A}.Release|x64.Build.0 = Release|x64
		{2605A16E-147E-4836-ABB1-8FF76135B04A}.Release|x86.ActiveCfg = Release|Win32
		{2605A16E-147E-4836-ABB1-8FF76135B04A}.Release|x86.Build.0 = Release|Win32
		{E32411CA-0B53-4548-9A43-8E78376D0F1C}.Debug|x64.ActiveCfg = Debug|x64
		{E32411CA-0B53-4548-9A43-8E78376D0F1C}.Debug|x64.Build.0 = Debug|x64
		{E32411CA-0B53-4548-9A43-8E78376D0F1C}.Debug|x86.ActiveCfg = Debug|Win32
		{E32411CA-0B53-4548-9A43-8E78376D0F1C}.Debug|x86.Build.0 = Debug|Win32
		{E32411CA-0B53-4548-9A43-8E78376D0F1C}.Release|x64.ActiveCfg = Release|x64
		{E32411CA-0B53-4548-9A43-8E78376D0F1C}.Release|x64.Build.0 = Release|x64
		{E32411CA-0B53-4548-9A43-8E78376D0F1C}.Release|x86.ActiveCfg = Release|Win32
		{E32411CA-0B53-4548-9A43-8E78376D0F1C}.Release|x86.Build.0 = Release|Win32
		{A69F85B7-A963-4147-A39F-74017D83B071}.Debug|x64.ActiveCfg = Debug|x64
		{A69F85B7-A963-4147-A39F-74017D83B071}.Debug|x64.Build.0 = Debug|x64
		{A69F85B7-A963-4147-A39F-74017D83B071}.Debug|x86.ActiveCfg = Debug|Win32
		{A69F85B7-A963-4147-A39F-74017D83B071}.Debug|x86.Build.0 = Debug|Win32
		{A69F85B7-A963-4147-A39F-74017D83B071}.Release|x64.ActiveCfg = Release|x64
		{A69F85B7-A963-4147-A39F-74017D83B071}.Release|x64.Build.0 = Release|x64
		{A69F85B7-A963-4147-A39F-74017D83B071}.Release|x86.ActiveCfg = Release|Win32
		{A69F85B7-A963-4147-A39F-74017D83B071}.Release|x86.Build.0 = Release|Win32
		{30F2B65D-5B57-4739-9DDE-8CC44507974C}.Debug|x64.ActiveCfg = Debug|x64
		{30F2B65D-5B57-4739-9DDE-8CC44507974C}.Debug|x64.Build.0 = Debug|x64
		{30F2B65D-5B57-4739-9DDE-8CC44507974C}.Debug|x86.ActiveCfg = Debug|Win32
		{30F2B65D-5B57-4739-9DDE-8CC44507974C}.Debug|x86.Build.0 = Debug|Win32
		{30F2B65D-5B57-4739-9DDE-8CC44507974C}.Release|x64.ActiveCfg = Release|x64
		{30F2B65D-5B57-4739-9DDE-8CC44507974C}.Release|x64.Build.0 = Release|x64
		{30F2B65D-5B57-4739-9DDE-8CC44507974C}.Release|x86.ActiveCfg = Release|Win32
		{30F2B65D-5B57-4739-9DDE-8CC44507974C}.Release|x86.Build.0 = Release|Win32
	EndGlobalSection
	GlobalSection(SolutionProperties) = preSolution
		HideSolutionNode = FALSE
	EndGlobalSection
	GlobalSection(ExtensibilityGlobals) = postSolution
		SolutionGuid = {434125A4-F646-4B31-9006-22A62B469231}
	EndGlobalSection
EndGlobal
